
Microsoft Visual Studio Solution File, Format Version 12.00
# Visual Studio Version 16
VisualStudioVersion = 16.0.31313.79
MinimumVisualStudioVersion = 10.0.40219.1
Project("{2150E333-8FDC-42A3-9474-1A3956D46DE8}") = "src", "src", "{41E46D78-F67C-4A7B-B06B-DAE473C8351B}"
EndProject
Project("{2150E333-8FDC-42A3-9474-1A3956D46DE8}") = "Tbd", "Tbd", "{F93E9ECC-2DF7-4B48-A65D-1477D7586D86}"
EndProject
Project("{9A19103F-16F7-4668-BE54-9A1E7A4F7556}") = "Tbd.Shared", "src\Tbd.Shared\Tbd.Shared.csproj", "{CB8FA8E7-55A5-4F51-8D45-5517BE48B4DB}"
EndProject
Project("{9A19103F-16F7-4668-BE54-9A1E7A4F7556}") = "Tbd.WebApi.Shared", "src\Tbd.WebApi.Shared\Tbd.WebApi.Shared.csproj", "{4EBADFD1-3C1D-4669-8267-FD1975235760}"
EndProject
Project("{2150E333-8FDC-42A3-9474-1A3956D46DE8}") = "RecipeApp", "RecipeApp", "{3DD50C30-A1BB-4CF5-B7EB-2199704B1514}"
EndProject
Project("{9A19103F-16F7-4668-BE54-9A1E7A4F7556}") = "RecipeApp.Database", "src\RecipeApp.Database\RecipeApp.Database.csproj", "{4514B662-7D53-4D9F-80A4-162A6E0F4996}"
EndProject
Project("{9A19103F-16F7-4668-BE54-9A1E7A4F7556}") = "RecipeApp.Shared", "src\RecipeApp.Shared\RecipeApp.Shared.csproj", "{58F968D3-B318-42D7-ACC0-DD8F6ED05C98}"
EndProject
Project("{9A19103F-16F7-4668-BE54-9A1E7A4F7556}") = "RecipeApp.CoreApi", "src\RecipeApp.CoreApi\RecipeApp.CoreApi.csproj", "{3831CB05-2E61-4260-B775-0807DAE35D17}"
EndProject
Project("{9A19103F-16F7-4668-BE54-9A1E7A4F7556}") = "RecipeApp.CoreApi.UnitTests", "src\RecipeApp.CoreApi.UnitTests\RecipeApp.CoreApi.UnitTests.csproj", "{5FBFBEFF-7C2F-477A-9F93-B62DCA8E8D2D}"
EndProject
Project("{9A19103F-16F7-4668-BE54-9A1E7A4F7556}") = "RecipeApp.BlazorWasmBootstrap", "src\RecipeApp.BlazorWasmBootstrap\RecipeApp.BlazorWasmBootstrap.csproj", "{A6E5590A-0271-4E1F-AC6B-D09EA44E5A5C}"
EndProject
Global
	GlobalSection(SolutionConfigurationPlatforms) = preSolution
		Debug|Any CPU = Debug|Any CPU
		Release|Any CPU = Release|Any CPU
	EndGlobalSection
	GlobalSection(ProjectConfigurationPlatforms) = postSolution
		{CB8FA8E7-55A5-4F51-8D45-5517BE48B4DB}.Debug|Any CPU.ActiveCfg = Debug|Any CPU
		{CB8FA8E7-55A5-4F51-8D45-5517BE48B4DB}.Debug|Any CPU.Build.0 = Debug|Any CPU
		{CB8FA8E7-55A5-4F51-8D45-5517BE48B4DB}.Release|Any CPU.ActiveCfg = Release|Any CPU
		{CB8FA8E7-55A5-4F51-8D45-5517BE48B4DB}.Release|Any CPU.Build.0 = Release|Any CPU
		{4EBADFD1-3C1D-4669-8267-FD1975235760}.Debug|Any CPU.ActiveCfg = Debug|Any CPU
		{4EBADFD1-3C1D-4669-8267-FD1975235760}.Debug|Any CPU.Build.0 = Debug|Any CPU
		{4EBADFD1-3C1D-4669-8267-FD1975235760}.Release|Any CPU.ActiveCfg = Release|Any CPU
		{4EBADFD1-3C1D-4669-8267-FD1975235760}.Release|Any CPU.Build.0 = Release|Any CPU
		{4514B662-7D53-4D9F-80A4-162A6E0F4996}.Debug|Any CPU.ActiveCfg = Debug|Any CPU
		{4514B662-7D53-4D9F-80A4-162A6E0F4996}.Debug|Any CPU.Build.0 = Debug|Any CPU
		{4514B662-7D53-4D9F-80A4-162A6E0F4996}.Release|Any CPU.ActiveCfg = Release|Any CPU
		{4514B662-7D53-4D9F-80A4-162A6E0F4996}.Release|Any CPU.Build.0 = Release|Any CPU
		{58F968D3-B318-42D7-ACC0-DD8F6ED05C98}.Debug|Any CPU.ActiveCfg = Debug|Any CPU
		{58F968D3-B318-42D7-ACC0-DD8F6ED05C98}.Debug|Any CPU.Build.0 = Debug|Any CPU
		{58F968D3-B318-42D7-ACC0-DD8F6ED05C98}.Release|Any CPU.ActiveCfg = Release|Any CPU
		{58F968D3-B318-42D7-ACC0-DD8F6ED05C98}.Release|Any CPU.Build.0 = Release|Any CPU
		{3831CB05-2E61-4260-B775-0807DAE35D17}.Debug|Any CPU.ActiveCfg = Debug|Any CPU
		{3831CB05-2E61-4260-B775-0807DAE35D17}.Debug|Any CPU.Build.0 = Debug|Any CPU
		{3831CB05-2E61-4260-B775-0807DAE35D17}.Release|Any CPU.ActiveCfg = Release|Any CPU
		{3831CB05-2E61-4260-B775-0807DAE35D17}.Release|Any CPU.Build.0 = Release|Any CPU
		{5FBFBEFF-7C2F-477A-9F93-B62DCA8E8D2D}.Debug|Any CPU.ActiveCfg = Debug|Any CPU
		{5FBFBEFF-7C2F-477A-9F93-B62DCA8E8D2D}.Debug|Any CPU.Build.0 = Debug|Any CPU
		{5FBFBEFF-7C2F-477A-9F93-B62DCA8E8D2D}.Release|Any CPU.ActiveCfg = Release|Any CPU
		{5FBFBEFF-7C2F-477A-9F93-B62DCA8E8D2D}.Release|Any CPU.Build.0 = Release|Any CPU
		{A6E5590A-0271-4E1F-AC6B-D09EA44E5A5C}.Debug|Any CPU.ActiveCfg = Debug|Any CPU
		{A6E5590A-0271-4E1F-AC6B-D09EA44E5A5C}.Debug|Any CPU.Build.0 = Debug|Any CPU
		{A6E5590A-0271-4E1F-AC6B-D09EA44E5A5C}.Release|Any CPU.ActiveCfg = Release|Any CPU
		{A6E5590A-0271-4E1F-AC6B-D09EA44E5A5C}.Release|Any CPU.Build.0 = Release|Any CPU
	EndGlobalSection
	GlobalSection(SolutionProperties) = preSolution
		HideSolutionNode = FALSE
	EndGlobalSection
	GlobalSection(NestedProjects) = preSolution
		{F93E9ECC-2DF7-4B48-A65D-1477D7586D86} = {41E46D78-F67C-4A7B-B06B-DAE473C8351B}
		{CB8FA8E7-55A5-4F51-8D45-5517BE48B4DB} = {F93E9ECC-2DF7-4B48-A65D-1477D7586D86}
		{4EBADFD1-3C1D-4669-8267-FD1975235760} = {F93E9ECC-2DF7-4B48-A65D-1477D7586D86}
		{3DD50C30-A1BB-4CF5-B7EB-2199704B1514} = {41E46D78-F67C-4A7B-B06B-DAE473C8351B}
		{4514B662-7D53-4D9F-80A4-162A6E0F4996} = {3DD50C30-A1BB-4CF5-B7EB-2199704B1514}
		{58F968D3-B318-42D7-ACC0-DD8F6ED05C98} = {3DD50C30-A1BB-4CF5-B7EB-2199704B1514}
		{3831CB05-2E61-4260-B775-0807DAE35D17} = {3DD50C30-A1BB-4CF5-B7EB-2199704B1514}
		{5FBFBEFF-7C2F-477A-9F93-B62DCA8E8D2D} = {3DD50C30-A1BB-4CF5-B7EB-2199704B1514}
		{A6E5590A-0271-4E1F-AC6B-D09EA44E5A5C} = {3DD50C30-A1BB-4CF5-B7EB-2199704B1514}
	EndGlobalSection
	GlobalSection(ExtensibilityGlobals) = postSolution
		SolutionGuid = {8042CBFD-132D-47AD-8FB4-00DBADAAA74D}
	EndGlobalSection
EndGlobal
