
Microsoft Visual Studio Solution File, Format Version 12.00
# Visual Studio Version 17
VisualStudioVersion = 17.1.31911.260
MinimumVisualStudioVersion = 10.0.40219.1
Project("{2150E333-8FDC-42A3-9474-1A3956D46DE8}") = "src", "src", "{41E46D78-F67C-4A7B-B06B-DAE473C8351B}"
EndProject
Project("{2150E333-8FDC-42A3-9474-1A3956D46DE8}") = "Tbd", "Tbd", "{F93E9ECC-2DF7-4B48-A65D-1477D7586D86}"
EndProject
Project("{9A19103F-16F7-4668-BE54-9A1E7A4F7556}") = "Tbd.Shared", "src\Tbd.Shared\Tbd.Shared.csproj", "{CB8FA8E7-55A5-4F51-8D45-5517BE48B4DB}"
EndProject
Project("{9A19103F-16F7-4668-BE54-9A1E7A4F7556}") = "Tbd.WebApi.Shared", "src\Tbd.WebApi.Shared\Tbd.WebApi.Shared.csproj", "{4EBADFD1-3C1D-4669-8267-FD1975235760}"
EndProject
Project("{2150E333-8FDC-42A3-9474-1A3956D46DE8}") = "RecipeApp", "RecipeApp", "{3DD50C30-A1BB-4CF5-B7EB-2199704B1514}"
EndProject
Project("{9A19103F-16F7-4668-BE54-9A1E7A4F7556}") = "RecipeApp.Database", "src\RecipeApp.Database\RecipeApp.Database.csproj", "{4514B662-7D53-4D9F-80A4-162A6E0F4996}"
EndProject
Project("{9A19103F-16F7-4668-BE54-9A1E7A4F7556}") = "RecipeApp.Shared", "src\RecipeApp.Shared\RecipeApp.Shared.csproj", "{58F968D3-B318-42D7-ACC0-DD8F6ED05C98}"
EndProject
Project("{9A19103F-16F7-4668-BE54-9A1E7A4F7556}") = "RecipeApp.CoreApi", "src\RecipeApp.CoreApi\RecipeApp.CoreApi.csproj", "{3831CB05-2E61-4260-B775-0807DAE35D17}"
EndProject
Project("{9A19103F-16F7-4668-BE54-9A1E7A4F7556}") = "RecipeApp.CoreApi.UnitTests", "src\RecipeApp.CoreApi.UnitTests\RecipeApp.CoreApi.UnitTests.csproj", "{5FBFBEFF-7C2F-477A-9F93-B62DCA8E8D2D}"
EndProject
Project("{9A19103F-16F7-4668-BE54-9A1E7A4F7556}") = "RecipeApp.BlazorWasmBootstrap", "src\RecipeApp.BlazorWasmBootstrap\RecipeApp.BlazorWasmBootstrap.csproj", "{A6E5590A-0271-4E1F-AC6B-D09EA44E5A5C}"
EndProject
Project("{9A19103F-16F7-4668-BE54-9A1E7A4F7556}") = "Tbd.RefitEx", "src\Tbd.RefitEx\Tbd.RefitEx.csproj", "{3E6FC532-0525-4442-A82E-5D325E5C292D}"
EndProject
Project("{9A19103F-16F7-4668-BE54-9A1E7A4F7556}") = "RecipeApp.BlazorWasmMud", "src\RecipeApp.BlazorWasmMud\RecipeApp.BlazorWasmMud.csproj", "{34E6F8E1-D4E6-4FD4-948B-D91269D3791A}"
EndProject
Project("{9A19103F-16F7-4668-BE54-9A1E7A4F7556}") = "RecipeApp.BlazorWasmBootstrap.UnitTests", "src\RecipeApp.BlazorWasmBootstrap.UnitTests\RecipeApp.BlazorWasmBootstrap.UnitTests.csproj", "{721B0BB6-3BDD-4BDD-8DFC-31BE9B45D373}"
EndProject
Project("{9A19103F-16F7-4668-BE54-9A1E7A4F7556}") = "RecipeApp.Maui", "src\RecipeApp.Maui\RecipeApp.Maui.csproj", "{DA776250-C9D1-428E-939C-6BAB02ECC9AE}"
EndProject
Project("{9A19103F-16F7-4668-BE54-9A1E7A4F7556}") = "RecipeApp.CoreApi.UnitTests.NSub", "src\RecipeApp.CoreApi.UnitTests.NSub\RecipeApp.CoreApi.UnitTests.NSub.csproj", "{1E980AFE-F50C-4908-A2A7-E588AE9D56E8}"
EndProject
Project("{9A19103F-16F7-4668-BE54-9A1E7A4F7556}") = "RecipeApp.WatchdogMvc", "src\RecipeApp.WatchdogMvc\RecipeApp.WatchdogMvc.csproj", "{49048271-9F13-44C9-869F-5C2A55C66D13}"
EndProject
Global
	GlobalSection(SolutionConfigurationPlatforms) = preSolution
		Debug|Any CPU = Debug|Any CPU
		Release|Any CPU = Release|Any CPU
	EndGlobalSection
	GlobalSection(ProjectConfigurationPlatforms) = postSolution
		{CB8FA8E7-55A5-4F51-8D45-5517BE48B4DB}.Debug|Any CPU.ActiveCfg = Debug|Any CPU
		{CB8FA8E7-55A5-4F51-8D45-5517BE48B4DB}.Debug|Any CPU.Build.0 = Debug|Any CPU
		{CB8FA8E7-55A5-4F51-8D45-5517BE48B4DB}.Release|Any CPU.ActiveCfg = Release|Any CPU
		{CB8FA8E7-55A5-4F51-8D45-5517BE48B4DB}.Release|Any CPU.Build.0 = Release|Any CPU
		{4EBADFD1-3C1D-4669-8267-FD1975235760}.Debug|Any CPU.ActiveCfg = Debug|Any CPU
		{4EBADFD1-3C1D-4669-8267-FD1975235760}.Debug|Any CPU.Build.0 = Debug|Any CPU
		{4EBADFD1-3C1D-4669-8267-FD1975235760}.Release|Any CPU.ActiveCfg = Release|Any CPU
		{4EBADFD1-3C1D-4669-8267-FD1975235760}.Release|Any CPU.Build.0 = Release|Any CPU
		{4514B662-7D53-4D9F-80A4-162A6E0F4996}.Debug|Any CPU.ActiveCfg = Debug|Any CPU
		{4514B662-7D53-4D9F-80A4-162A6E0F4996}.Debug|Any CPU.Build.0 = Debug|Any CPU
		{4514B662-7D53-4D9F-80A4-162A6E0F4996}.Release|Any CPU.ActiveCfg = Release|Any CPU
		{4514B662-7D53-4D9F-80A4-162A6E0F4996}.Release|Any CPU.Build.0 = Release|Any CPU
		{58F968D3-B318-42D7-ACC0-DD8F6ED05C98}.Debug|Any CPU.ActiveCfg = Debug|Any CPU
		{58F968D3-B318-42D7-ACC0-DD8F6ED05C98}.Debug|Any CPU.Build.0 = Debug|Any CPU
		{58F968D3-B318-42D7-ACC0-DD8F6ED05C98}.Release|Any CPU.ActiveCfg = Release|Any CPU
		{58F968D3-B318-42D7-ACC0-DD8F6ED05C98}.Release|Any CPU.Build.0 = Release|Any CPU
		{3831CB05-2E61-4260-B775-0807DAE35D17}.Debug|Any CPU.ActiveCfg = Debug|Any CPU
		{3831CB05-2E61-4260-B775-0807DAE35D17}.Debug|Any CPU.Build.0 = Debug|Any CPU
		{3831CB05-2E61-4260-B775-0807DAE35D17}.Release|Any CPU.ActiveCfg = Release|Any CPU
		{3831CB05-2E61-4260-B775-0807DAE35D17}.Release|Any CPU.Build.0 = Release|Any CPU
		{5FBFBEFF-7C2F-477A-9F93-B62DCA8E8D2D}.Debug|Any CPU.ActiveCfg = Debug|Any CPU
		{5FBFBEFF-7C2F-477A-9F93-B62DCA8E8D2D}.Debug|Any CPU.Build.0 = Debug|Any CPU
		{5FBFBEFF-7C2F-477A-9F93-B62DCA8E8D2D}.Release|Any CPU.ActiveCfg = Release|Any CPU
		{5FBFBEFF-7C2F-477A-9F93-B62DCA8E8D2D}.Release|Any CPU.Build.0 = Release|Any CPU
		{A6E5590A-0271-4E1F-AC6B-D09EA44E5A5C}.Debug|Any CPU.ActiveCfg = Debug|Any CPU
		{A6E5590A-0271-4E1F-AC6B-D09EA44E5A5C}.Debug|Any CPU.Build.0 = Debug|Any CPU
		{A6E5590A-0271-4E1F-AC6B-D09EA44E5A5C}.Release|Any CPU.ActiveCfg = Release|Any CPU
		{A6E5590A-0271-4E1F-AC6B-D09EA44E5A5C}.Release|Any CPU.Build.0 = Release|Any CPU
		{3E6FC532-0525-4442-A82E-5D325E5C292D}.Debug|Any CPU.ActiveCfg = Debug|Any CPU
		{3E6FC532-0525-4442-A82E-5D325E5C292D}.Debug|Any CPU.Build.0 = Debug|Any CPU
		{3E6FC532-0525-4442-A82E-5D325E5C292D}.Release|Any CPU.ActiveCfg = Release|Any CPU
		{3E6FC532-0525-4442-A82E-5D325E5C292D}.Release|Any CPU.Build.0 = Release|Any CPU
		{34E6F8E1-D4E6-4FD4-948B-D91269D3791A}.Debug|Any CPU.ActiveCfg = Debug|Any CPU
		{34E6F8E1-D4E6-4FD4-948B-D91269D3791A}.Debug|Any CPU.Build.0 = Debug|Any CPU
		{34E6F8E1-D4E6-4FD4-948B-D91269D3791A}.Release|Any CPU.ActiveCfg = Release|Any CPU
		{34E6F8E1-D4E6-4FD4-948B-D91269D3791A}.Release|Any CPU.Build.0 = Release|Any CPU
		{721B0BB6-3BDD-4BDD-8DFC-31BE9B45D373}.Debug|Any CPU.ActiveCfg = Debug|Any CPU
		{721B0BB6-3BDD-4BDD-8DFC-31BE9B45D373}.Debug|Any CPU.Build.0 = Debug|Any CPU
		{721B0BB6-3BDD-4BDD-8DFC-31BE9B45D373}.Release|Any CPU.ActiveCfg = Release|Any CPU
		{721B0BB6-3BDD-4BDD-8DFC-31BE9B45D373}.Release|Any CPU.Build.0 = Release|Any CPU
		{DA776250-C9D1-428E-939C-6BAB02ECC9AE}.Debug|Any CPU.ActiveCfg = Debug|Any CPU
		{DA776250-C9D1-428E-939C-6BAB02ECC9AE}.Debug|Any CPU.Build.0 = Debug|Any CPU
		{DA776250-C9D1-428E-939C-6BAB02ECC9AE}.Debug|Any CPU.Deploy.0 = Debug|Any CPU
		{DA776250-C9D1-428E-939C-6BAB02ECC9AE}.Release|Any CPU.ActiveCfg = Release|Any CPU
		{DA776250-C9D1-428E-939C-6BAB02ECC9AE}.Release|Any CPU.Build.0 = Release|Any CPU
		{DA776250-C9D1-428E-939C-6BAB02ECC9AE}.Release|Any CPU.Deploy.0 = Release|Any CPU
		{1E980AFE-F50C-4908-A2A7-E588AE9D56E8}.Debug|Any CPU.ActiveCfg = Debug|Any CPU
		{1E980AFE-F50C-4908-A2A7-E588AE9D56E8}.Debug|Any CPU.Build.0 = Debug|Any CPU
		{1E980AFE-F50C-4908-A2A7-E588AE9D56E8}.Release|Any CPU.ActiveCfg = Release|Any CPU
		{1E980AFE-F50C-4908-A2A7-E588AE9D56E8}.Release|Any CPU.Build.0 = Release|Any CPU
		{49048271-9F13-44C9-869F-5C2A55C66D13}.Debug|Any CPU.ActiveCfg = Debug|Any CPU
		{49048271-9F13-44C9-869F-5C2A55C66D13}.Debug|Any CPU.Build.0 = Debug|Any CPU
		{49048271-9F13-44C9-869F-5C2A55C66D13}.Release|Any CPU.ActiveCfg = Release|Any CPU
		{49048271-9F13-44C9-869F-5C2A55C66D13}.Release|Any CPU.Build.0 = Release|Any CPU
	EndGlobalSection
	GlobalSection(SolutionProperties) = preSolution
		HideSolutionNode = FALSE
	EndGlobalSection
	GlobalSection(NestedProjects) = preSolution
		{F93E9ECC-2DF7-4B48-A65D-1477D7586D86} = {41E46D78-F67C-4A7B-B06B-DAE473C8351B}
		{CB8FA8E7-55A5-4F51-8D45-5517BE48B4DB} = {F93E9ECC-2DF7-4B48-A65D-1477D7586D86}
		{4EBADFD1-3C1D-4669-8267-FD1975235760} = {F93E9ECC-2DF7-4B48-A65D-1477D7586D86}
		{3DD50C30-A1BB-4CF5-B7EB-2199704B1514} = {41E46D78-F67C-4A7B-B06B-DAE473C8351B}
		{4514B662-7D53-4D9F-80A4-162A6E0F4996} = {3DD50C30-A1BB-4CF5-B7EB-2199704B1514}
		{58F968D3-B318-42D7-ACC0-DD8F6ED05C98} = {3DD50C30-A1BB-4CF5-B7EB-2199704B1514}
		{3831CB05-2E61-4260-B775-0807DAE35D17} = {3DD50C30-A1BB-4CF5-B7EB-2199704B1514}
		{5FBFBEFF-7C2F-477A-9F93-B62DCA8E8D2D} = {3DD50C30-A1BB-4CF5-B7EB-2199704B1514}
		{A6E5590A-0271-4E1F-AC6B-D09EA44E5A5C} = {3DD50C30-A1BB-4CF5-B7EB-2199704B1514}
		{3E6FC532-0525-4442-A82E-5D325E5C292D} = {F93E9ECC-2DF7-4B48-A65D-1477D7586D86}
		{34E6F8E1-D4E6-4FD4-948B-D91269D3791A} = {3DD50C30-A1BB-4CF5-B7EB-2199704B1514}
		{721B0BB6-3BDD-4BDD-8DFC-31BE9B45D373} = {3DD50C30-A1BB-4CF5-B7EB-2199704B1514}
		{DA776250-C9D1-428E-939C-6BAB02ECC9AE} = {3DD50C30-A1BB-4CF5-B7EB-2199704B1514}
		{1E980AFE-F50C-4908-A2A7-E588AE9D56E8} = {3DD50C30-A1BB-4CF5-B7EB-2199704B1514}
		{49048271-9F13-44C9-869F-5C2A55C66D13} = {3DD50C30-A1BB-4CF5-B7EB-2199704B1514}
	EndGlobalSection
	GlobalSection(ExtensibilityGlobals) = postSolution
		SolutionGuid = {8042CBFD-132D-47AD-8FB4-00DBADAAA74D}
	EndGlobalSection
EndGlobal
